# THIS IS AN AUTOGENERATED FILE. DO NOT EDIT THIS FILE DIRECTLY.
# yarn lockfile v1


"@prisma/client@^2.24.1":
  version "2.24.1"
  resolved "https://registry.yarnpkg.com/@prisma/client/-/client-2.24.1.tgz#c4f26fb4d768dd52dd20a17e626f10e69cc0b85c"
  integrity sha512-vllhf36g3oI98GF1Q5IPmnR5MYzBPeCcl/Xiz6EAi4DMOxE069o9ka5BAqYbUG2USx8JuKw09QdMnDrp3Kyn8g==
  dependencies:
    "@prisma/engines-version" "2.24.1-2.18095475d5ee64536e2f93995e48ad800737a9e4"

"@prisma/engines-version@2.24.1-2.18095475d5ee64536e2f93995e48ad800737a9e4":
  version "2.24.1-2.18095475d5ee64536e2f93995e48ad800737a9e4"
  resolved "https://registry.yarnpkg.com/@prisma/engines-version/-/engines-version-2.24.1-2.18095475d5ee64536e2f93995e48ad800737a9e4.tgz#2c5813ef98bcbe659b18b521f002f5c8aabbaae2"
  integrity sha512-60Do+ByVfHnhJ2id5h/lXOZnDQNIf5pz3enkKWOmyr744Z2IxkBu65jRckFfMN5cPtmXDre/Ay/GKm0aoeLwrw==

"@prisma/engines@2.24.1-2.18095475d5ee64536e2f93995e48ad800737a9e4":
  version "2.24.1-2.18095475d5ee64536e2f93995e48ad800737a9e4"
  resolved "https://registry.yarnpkg.com/@prisma/engines/-/engines-2.24.1-2.18095475d5ee64536e2f93995e48ad800737a9e4.tgz#7e542d510f0c03f41b73edbb17254f5a0b272a4d"
  integrity sha512-29/xO9kqeQka+wN5Ev10l5L4XQXNVXdPToJs1M29VZ2imQsNsL4rtz26m3qGM54IoGWwwfTVdvuVRxKnDl2rig==

axios@^0.21.1:
  version "0.21.1"
  resolved "https://registry.yarnpkg.com/axios/-/axios-0.21.1.tgz#22563481962f4d6bde9a76d516ef0e5d3c09b2b8"
  integrity sha512-dKQiRHxGD9PPRIUNIWvZhPTPpl1rf/OxTYKsqKUDjBwYylTvV7SjSHJb9ratfyzM6wCdLCOYLzs73qpg5c4iGA==
  dependencies:
    follow-redirects "^1.10.0"

dotenv@^10.0.0:
  version "10.0.0"
  resolved "https://registry.yarnpkg.com/dotenv/-/dotenv-10.0.0.tgz#3d4227b8fb95f81096cdd2b66653fb2c7085ba81"
  integrity sha512-rlBi9d8jpv9Sf1klPjNfFAuWDjKLwTIJJ/VxtoTwIR6hnZxcEOQCZg2oIL3MWBYw5GpUDKOEnND7LXTbIpQ03Q==

follow-redirects@^1.10.0:
  version "1.14.1"
  resolved "https://registry.yarnpkg.com/follow-redirects/-/follow-redirects-1.14.1.tgz#d9114ded0a1cfdd334e164e6662ad02bfd91ff43"
  integrity sha512-HWqDgT7ZEkqRzBvc2s64vSZ/hfOceEol3ac/7tKwzuvEyWx3/4UegXh5oBOIotkGsObyk3xznnSRVADBgWSQVg==

prisma@^2.24.1:
  version "2.24.1"
  resolved "https://registry.yarnpkg.com/prisma/-/prisma-2.24.1.tgz#f8f4cb8baf407a71800256160277f69603bd43a3"
  integrity sha512-L+ykMpttbWzpTNsy+PPynnEX/mS1s5zs49euXBrMjxXh1M6/f9MYlTNAj+iP90O9ZSaURSpNa+1jzatPghqUcQ==
  dependencies:
    "@prisma/engines" "2.24.1-2.18095475d5ee64536e2f93995e48ad800737a9e4"
